{
  "version": 4,
  "terraform_version": "1.6.3",
  "serial": 4,
  "lineage": "e9a0bb1a-e187-5664-42b3-266035708316",
  "outputs": {},
  "resources": [
    {
      "module": "module.resourcegroup",
      "mode": "managed",
      "type": "azurerm_resource_group",
      "name": "rg",
      "provider": "provider[\"registry.terraform.io/hashicorp/azurerm\"]",
      "instances": [
        {
          "schema_version": 0,
          "attributes": {
            "id": "/subscriptions/d142c4c7-733e-4ee6-9bb4-bcbe829e13c2/resourceGroups/moduleblocks-RG",
            "location": "uksouth",
            "managed_by": "",
            "name": "moduleblocks-RG",
            "tags": null,
            "timeouts": null
          },
          "sensitive_attributes": [],
          "private": "eyJlMmJmYjczMC1lY2FhLTExZTYtOGY4OC0zNDM2M2JjN2M0YzAiOnsiY3JlYXRlIjo1NDAwMDAwMDAwMDAwLCJkZWxldGUiOjU0MDAwMDAwMDAwMDAsInJlYWQiOjMwMDAwMDAwMDAwMCwidXBkYXRlIjo1NDAwMDAwMDAwMDAwfX0="
        }
      ]
    },
    {
      "module": "module.storageaccount",
      "mode": "managed",
      "type": "azurerm_storage_account",
      "name": "storage",
      "provider": "provider[\"registry.terraform.io/hashicorp/azurerm\"]",
      "instances": [
        {
          "schema_version": 4,
          "attributes": {
            "access_tier": "Hot",
            "account_kind": "StorageV2",
            "account_replication_type": "LRS",
            "account_tier": "Standard",
            "allow_nested_items_to_be_public": true,
            "allowed_copy_scope": "",
            "azure_files_authentication": [],
            "blob_properties": [
              {
                "change_feed_enabled": false,
                "change_feed_retention_in_days": 0,
                "container_delete_retention_policy": [],
                "cors_rule": [],
                "default_service_version": "",
                "delete_retention_policy": [],
                "last_access_time_enabled": false,
                "restore_policy": [],
                "versioning_enabled": false
              }
            ],
            "cross_tenant_replication_enabled": false,
            "custom_domain": [],
            "customer_managed_key": [],
            "default_to_oauth_authentication": false,
            "dns_endpoint_type": "Standard",
            "edge_zone": "",
            "https_traffic_only_enabled": true,
            "id": "/subscriptions/d142c4c7-733e-4ee6-9bb4-bcbe829e13c2/resourceGroups/moduleblocks-RG/providers/Microsoft.Storage/storageAccounts/moduleblocksf1af18ed2b",
            "identity": [],
            "immutability_policy": [],
            "infrastructure_encryption_enabled": false,
            "is_hns_enabled": false,
            "large_file_share_enabled": false,
            "local_user_enabled": true,
            "location": "eastus",
            "min_tls_version": "TLS1_2",
            "name": "moduleblocksf1af18ed2b",
            "network_rules": [],
            "nfsv3_enabled": false,
            "primary_access_key": "YE6kvnIZx222W+CsSYKsaLE00+bFLi/8Y5dggtd0D1FmIed5W6gysVMZlbUuZdOjZpb7qoYqyJHK+AStclKA0A==",
            "primary_blob_connection_string": "DefaultEndpointsProtocol=https;BlobEndpoint=https://moduleblocksf1af18ed2b.blob.core.windows.net/;AccountName=moduleblocksf1af18ed2b;AccountKey=YE6kvnIZx222W+CsSYKsaLE00+bFLi/8Y5dggtd0D1FmIed5W6gysVMZlbUuZdOjZpb7qoYqyJHK+AStclKA0A==",
            "primary_blob_endpoint": "https://moduleblocksf1af18ed2b.blob.core.windows.net/",
            "primary_blob_host": "moduleblocksf1af18ed2b.blob.core.windows.net",
            "primary_blob_internet_endpoint": "",
            "primary_blob_internet_host": "",
            "primary_blob_microsoft_endpoint": "",
            "primary_blob_microsoft_host": "",
            "primary_connection_string": "DefaultEndpointsProtocol=https;AccountName=moduleblocksf1af18ed2b;AccountKey=YE6kvnIZx222W+CsSYKsaLE00+bFLi/8Y5dggtd0D1FmIed5W6gysVMZlbUuZdOjZpb7qoYqyJHK+AStclKA0A==;EndpointSuffix=core.windows.net",
            "primary_dfs_endpoint": "https://moduleblocksf1af18ed2b.dfs.core.windows.net/",
            "primary_dfs_host": "moduleblocksf1af18ed2b.dfs.core.windows.net",
            "primary_dfs_internet_endpoint": "",
            "primary_dfs_internet_host": "",
            "primary_dfs_microsoft_endpoint": "",
            "primary_dfs_microsoft_host": "",
            "primary_file_endpoint": "https://moduleblocksf1af18ed2b.file.core.windows.net/",
            "primary_file_host": "moduleblocksf1af18ed2b.file.core.windows.net",
            "primary_file_internet_endpoint": "",
            "primary_file_internet_host": "",
            "primary_file_microsoft_endpoint": "",
            "primary_file_microsoft_host": "",
            "primary_location": "eastus",
            "primary_queue_endpoint": "https://moduleblocksf1af18ed2b.queue.core.windows.net/",
            "primary_queue_host": "moduleblocksf1af18ed2b.queue.core.windows.net",
            "primary_queue_microsoft_endpoint": "",
            "primary_queue_microsoft_host": "",
            "primary_table_endpoint": "https://moduleblocksf1af18ed2b.table.core.windows.net/",
            "primary_table_host": "moduleblocksf1af18ed2b.table.core.windows.net",
            "primary_table_microsoft_endpoint": "",
            "primary_table_microsoft_host": "",
            "primary_web_endpoint": "https://moduleblocksf1af18ed2b.z13.web.core.windows.net/",
            "primary_web_host": "moduleblocksf1af18ed2b.z13.web.core.windows.net",
            "primary_web_internet_endpoint": "",
            "primary_web_internet_host": "",
            "primary_web_microsoft_endpoint": "",
            "primary_web_microsoft_host": "",
            "public_network_access_enabled": true,
            "queue_encryption_key_type": "Service",
            "queue_properties": [
              {
                "cors_rule": [],
                "hour_metrics": [
                  {
                    "enabled": true,
                    "include_apis": true,
                    "retention_policy_days": 7,
                    "version": "1.0"
                  }
                ],
                "logging": [
                  {
                    "delete": false,
                    "read": false,
                    "retention_policy_days": 0,
                    "version": "1.0",
                    "write": false
                  }
                ],
                "minute_metrics": [
                  {
                    "enabled": false,
                    "include_apis": false,
                    "retention_policy_days": 0,
                    "version": "1.0"
                  }
                ]
              }
            ],
            "resource_group_name": "moduleblocks-RG",
            "routing": [],
            "sas_policy": [],
            "secondary_access_key": "npplLngPIbTuQj4Lnwka0GPfc2FqfOIbCOcTKcGVbZ4CkOvMRB2+RCEs2fM27nODBpTsJ/8ZUq/h+ASttMyXCg==",
            "secondary_blob_connection_string": "",
            "secondary_blob_endpoint": "",
            "secondary_blob_host": "",
            "secondary_blob_internet_endpoint": "",
            "secondary_blob_internet_host": "",
            "secondary_blob_microsoft_endpoint": "",
            "secondary_blob_microsoft_host": "",
            "secondary_connection_string": "DefaultEndpointsProtocol=https;AccountName=moduleblocksf1af18ed2b;AccountKey=npplLngPIbTuQj4Lnwka0GPfc2FqfOIbCOcTKcGVbZ4CkOvMRB2+RCEs2fM27nODBpTsJ/8ZUq/h+ASttMyXCg==;EndpointSuffix=core.windows.net",
            "secondary_dfs_endpoint": "",
            "secondary_dfs_host": "",
            "secondary_dfs_internet_endpoint": "",
            "secondary_dfs_internet_host": "",
            "secondary_dfs_microsoft_endpoint": "",
            "secondary_dfs_microsoft_host": "",
            "secondary_file_endpoint": "",
            "secondary_file_host": "",
            "secondary_file_internet_endpoint": "",
            "secondary_file_internet_host": "",
            "secondary_file_microsoft_endpoint": "",
            "secondary_file_microsoft_host": "",
            "secondary_location": "",
            "secondary_queue_endpoint": "",
            "secondary_queue_host": "",
            "secondary_queue_microsoft_endpoint": "",
            "secondary_queue_microsoft_host": "",
            "secondary_table_endpoint": "",
            "secondary_table_host": "",
            "secondary_table_microsoft_endpoint": "",
            "secondary_table_microsoft_host": "",
            "secondary_web_endpoint": "",
            "secondary_web_host": "",
            "secondary_web_internet_endpoint": "",
            "secondary_web_internet_host": "",
            "secondary_web_microsoft_endpoint": "",
            "secondary_web_microsoft_host": "",
            "sftp_enabled": false,
            "share_properties": [
              {
                "cors_rule": [],
                "retention_policy": [
                  {
                    "days": 7
                  }
                ],
                "smb": []
              }
            ],
            "shared_access_key_enabled": true,
            "static_website": [],
            "table_encryption_key_type": "Service",
            "tags": null,
            "timeouts": null
          },
          "sensitive_attributes": [],
          "private": "eyJlMmJmYjczMC1lY2FhLTExZTYtOGY4OC0zNDM2M2JjN2M0YzAiOnsiY3JlYXRlIjozNjAwMDAwMDAwMDAwLCJkZWxldGUiOjM2MDAwMDAwMDAwMDAsInJlYWQiOjMwMDAwMDAwMDAwMCwidXBkYXRlIjozNjAwMDAwMDAwMDAwfSwic2NoZW1hX3ZlcnNpb24iOiI0In0=",
          "dependencies": [
            "module.resourcegroup.azurerm_resource_group.rg",
            "module.storageaccount.random_id.rand"
          ]
        }
      ]
    },
    {
      "module": "module.storageaccount",
      "mode": "managed",
      "type": "random_id",
      "name": "rand",
      "provider": "provider[\"registry.terraform.io/hashicorp/random\"]",
      "instances": [
        {
          "schema_version": 0,
          "attributes": {
            "b64_std": "8a8Y7Ss=",
            "b64_url": "8a8Y7Ss",
            "byte_length": 5,
            "dec": "1038024764715",
            "hex": "f1af18ed2b",
            "id": "8a8Y7Ss",
            "keepers": null,
            "prefix": null
          },
          "sensitive_attributes": []
        }
      ]
    }
  ],
  "check_results": null
}
